<?xml version="1.0" encoding="utf-8"?>
<Project ToolsVersion="4.0" xmlns="http://schemas.microsoft.com/developer/msbuild/2003">
  <ItemGroup>
    <Filter Include="Source Files">
      <UniqueIdentifier>{389ac6f5-3ec9-4ccb-9083-b923709d8198}</UniqueIdentifier>
      <Extensions>cpp;c;cxx;rc;def;r;odl;idl;hpj;bat</Extensions>
    </Filter>
    <Filter Include="Source Files\LUA">
      <UniqueIdentifier>{2eedc422-f954-469e-b500-2a9269735389}</UniqueIdentifier>
      <Extensions>c</Extensions>
    </Filter>
    <Filter Include="Source Files\LUA\LuaCryPak">
      <UniqueIdentifier>{a188618e-6dec-4b16-a0a8-482a956fc771}</UniqueIdentifier>
      <Extensions>cpp;h</Extensions>
    </Filter>
    <Filter Include="Source Files\LUA\Source Files">
      <UniqueIdentifier>{b1c88230-78c7-4072-a03e-c82fa6ae4103}</UniqueIdentifier>
      <Extensions>c</Extensions>
    </Filter>
    <Filter Include="Source Files\LUA\Header Files">
      <UniqueIdentifier>{1d409a17-4063-4590-b105-6cbffbc7f87b}</UniqueIdentifier>
      <Extensions>h</Extensions>
    </Filter>
    <Filter Include="Header Files">
      <UniqueIdentifier>{16deccd5-20e1-47c6-b742-fc6234ad32fc}</UniqueIdentifier>
      <Extensions>h;hpp;hxx;hm;inl</Extensions>
    </Filter>
    <Filter Include="Resource Files">
      <UniqueIdentifier>{aec25f8c-99d3-4b2b-aaa6-40a10853350b}</UniqueIdentifier>
      <Extensions>ico;cur;bmp;dlg;rc2;rct;bin;rgs;gif;jpg;jpeg;jpe</Extensions>
    </Filter>
  </ItemGroup>
  <ItemGroup>
    <ClCompile Include="CryScriptSystem.cpp">
      <Filter>Source Files</Filter>
    </ClCompile>
    <ClCompile Include="FunctionHandler.cpp">
      <Filter>Source Files</Filter>
    </ClCompile>
    <ClCompile Include="MemStats.cpp">
      <Filter>Source Files</Filter>
    </ClCompile>
    <ClCompile Include="RecycleAllocator.cpp">
      <Filter>Source Files</Filter>
    </ClCompile>
    <ClCompile Include="ScriptBuffer.cpp">
      <Filter>Source Files</Filter>
    </ClCompile>
    <ClCompile Include="ScriptObject.cpp">
      <Filter>Source Files</Filter>
    </ClCompile>
    <ClCompile Include="ScriptSystem.cpp">
      <Filter>Source Files</Filter>
    </ClCompile>
    <ClCompile Include="StdAfx.cpp">
      <Filter>Source Files</Filter>
    </ClCompile>
    <ClCompile Include="LuaCryPakIO.cpp">
      <Filter>Source Files\LUA\LuaCryPak</Filter>
    </ClCompile>
    <ClCompile Include="LUA\lapi.c">
      <Filter>Source Files\LUA\Source Files</Filter>
    </ClCompile>
    <ClCompile Include="LUA\lib\lauxlib.c">
      <Filter>Source Files\LUA\Source Files</Filter>
    </ClCompile>
    <ClCompile Include="LUA\lib\lbaselib.c">
      <Filter>Source Files\LUA\Source Files</Filter>
    </ClCompile>
    <ClCompile Include="LUA\lib\lbitlib.c">
      <Filter>Source Files\LUA\Source Files</Filter>
    </ClCompile>
    <ClCompile Include="LUA\lcode.c">
      <Filter>Source Files\LUA\Source Files</Filter>
    </ClCompile>
    <ClCompile Include="LUA\lib\ldblib.c">
      <Filter>Source Files\LUA\Source Files</Filter>
    </ClCompile>
    <ClCompile Include="LUA\ldebug.c">
      <Filter>Source Files\LUA\Source Files</Filter>
    </ClCompile>
    <ClCompile Include="LUA\ldo.c">
      <Filter>Source Files\LUA\Source Files</Filter>
    </ClCompile>
    <ClCompile Include="LUA\lfunc.c">
      <Filter>Source Files\LUA\Source Files</Filter>
    </ClCompile>
    <ClCompile Include="LUA\lgc.c">
      <Filter>Source Files\LUA\Source Files</Filter>
    </ClCompile>
    <ClCompile Include="LUA\lib\liolib.c">
      <Filter>Source Files\LUA\Source Files</Filter>
    </ClCompile>
    <ClCompile Include="LUA\llex.c">
      <Filter>Source Files\LUA\Source Files</Filter>
    </ClCompile>
    <ClCompile Include="LUA\lib\lmathlib.c">
      <Filter>Source Files\LUA\Source Files</Filter>
    </ClCompile>
    <ClCompile Include="LUA\lmem.c">
      <Filter>Source Files\LUA\Source Files</Filter>
    </ClCompile>
    <ClCompile Include="LUA\lobject.c">
      <Filter>Source Files\LUA\Source Files</Filter>
    </ClCompile>
    <ClCompile Include="LUA\lopcodes.c">
      <Filter>Source Files\LUA\Source Files</Filter>
    </ClCompile>
    <ClCompile Include="LUA\lparser.c">
      <Filter>Source Files\LUA\Source Files</Filter>
    </ClCompile>
    <ClCompile Include="LUA\lstate.c">
      <Filter>Source Files\LUA\Source Files</Filter>
    </ClCompile>
    <ClCompile Include="LUA\lstring.c">
      <Filter>Source Files\LUA\Source Files</Filter>
    </ClCompile>
    <ClCompile Include="LUA\lib\lstrlib.c">
      <Filter>Source Files\LUA\Source Files</Filter>
    </ClCompile>
    <ClCompile Include="LUA\ltable.c">
      <Filter>Source Files\LUA\Source Files</Filter>
    </ClCompile>
    <ClCompile Include="LUA\ltests.c">
      <Filter>Source Files\LUA\Source Files</Filter>
    </ClCompile>
    <ClCompile Include="LUA\ltm.c">
      <Filter>Source Files\LUA\Source Files</Filter>
    </ClCompile>
    <ClCompile Include="LUA\lundump.c">
      <Filter>Source Files\LUA\Source Files</Filter>
    </ClCompile>
    <ClCompile Include="LUA\lvm.c">
      <Filter>Source Files\LUA\Source Files</Filter>
    </ClCompile>
    <ClCompile Include="LUA\lzio.c">
      <Filter>Source Files\LUA\Source Files</Filter>
    </ClCompile>
    <ClCompile Include="vectorlib.c">
      <Filter>Source Files\LUA\Source Files</Filter>
    </ClCompile>
  </ItemGroup>
  <ItemGroup>
    <ClInclude Include="LuaCryPakIO.h">
      <Filter>Source Files\LUA\LuaCryPak</Filter>
    </ClInclude>
    <ClInclude Include="LUA\lapi.h">
      <Filter>Source Files\LUA\Header Files</Filter>
    </ClInclude>
    <ClInclude Include="LUA\lauxlib.h">
      <Filter>Source Files\LUA\Header Files</Filter>
    </ClInclude>
    <ClInclude Include="LUA\lcode.h">
      <Filter>Source Files\LUA\Header Files</Filter>
    </ClInclude>
    <ClInclude Include="LUA\ldebug.h">
      <Filter>Source Files\LUA\Header Files</Filter>
    </ClInclude>
    <ClInclude Include="LUA\ldo.h">
      <Filter>Source Files\LUA\Header Files</Filter>
    </ClInclude>
    <ClInclude Include="LUA\lfunc.h">
      <Filter>Source Files\LUA\Header Files</Filter>
    </ClInclude>
    <ClInclude Include="LUA\lgc.h">
      <Filter>Source Files\LUA\Header Files</Filter>
    </ClInclude>
    <ClInclude Include="LUA\llex.h">
      <Filter>Source Files\LUA\Header Files</Filter>
    </ClInclude>
    <ClInclude Include="LUA\llimits.h">
      <Filter>Source Files\LUA\Header Files</Filter>
    </ClInclude>
    <ClInclude Include="LUA\lmem.h">
      <Filter>Source Files\LUA\Header Files</Filter>
    </ClInclude>
    <ClInclude Include="LUA\lobject.h">
      <Filter>Source Files\LUA\Header Files</Filter>
    </ClInclude>
    <ClInclude Include="LUA\lopcodes.h">
      <Filter>Source Files\LUA\Header Files</Filter>
    </ClInclude>
    <ClInclude Include="LUA\lparser.h">
      <Filter>Source Files\LUA\Header Files</Filter>
    </ClInclude>
    <ClInclude Include="LUA\lstate.h">
      <Filter>Source Files\LUA\Header Files</Filter>
    </ClInclude>
    <ClInclude Include="LUA\lstring.h">
      <Filter>Source Files\LUA\Header Files</Filter>
    </ClInclude>
    <ClInclude Include="LUA\ltable.h">
      <Filter>Source Files\LUA\Header Files</Filter>
    </ClInclude>
    <ClInclude Include="LUA\ltm.h">
      <Filter>Source Files\LUA\Header Files</Filter>
    </ClInclude>
    <ClInclude Include="LUA\lua.h">
      <Filter>Source Files\LUA\Header Files</Filter>
    </ClInclude>
    <ClInclude Include="LUA\luadebug.h">
      <Filter>Source Files\LUA\Header Files</Filter>
    </ClInclude>
    <ClInclude Include="LUA\lualib.h">
      <Filter>Source Files\LUA\Header Files</Filter>
    </ClInclude>
    <ClInclude Include="LUA\lundump.h">
      <Filter>Source Files\LUA\Header Files</Filter>
    </ClInclude>
    <ClInclude Include="LUA\lvm.h">
      <Filter>Source Files\LUA\Header Files</Filter>
    </ClInclude>
    <ClInclude Include="LUA\lzio.h">
      <Filter>Source Files\LUA\Header Files</Filter>
    </ClInclude>
    <ClInclude Include="FunctionHandler.h">
      <Filter>Header Files</Filter>
    </ClInclude>
    <ClInclude Include="RecycleAllocator.h">
      <Filter>Header Files</Filter>
    </ClInclude>
    <ClInclude Include="ScriptObject.h">
      <Filter>Header Files</Filter>
    </ClInclude>
    <ClInclude Include="ScriptSystem.h">
      <Filter>Header Files</Filter>
    </ClInclude>
    <ClInclude Include="StackGuard.h">
      <Filter>Header Files</Filter>
    </ClInclude>
    <ClInclude Include="StdAfx.h">
      <Filter>Header Files</Filter>
    </ClInclude>
  </ItemGroup>
  <ItemGroup>
    <Text Include="ReadMe.txt" />
  </ItemGroup>
</Project>