<?xml version="1.0" encoding="utf-8"?>
<Project ToolsVersion="4.0" xmlns="http://schemas.microsoft.com/developer/msbuild/2003">
  <ItemGroup>
    <Filter Include="Ini Files">
      <UniqueIdentifier>{5cf8c43f-b240-4bf5-8c91-bd6a33d9f01d}</UniqueIdentifier>
    </Filter>
    <Filter Include="CFGLoader">
      <UniqueIdentifier>{9a5d6348-9c94-462b-81f9-cc3c87a4cf4b}</UniqueIdentifier>
    </Filter>
    <Filter Include="StatObj">
      <UniqueIdentifier>{3e550e1b-8d10-43e8-a466-707b197fe343}</UniqueIdentifier>
    </Filter>
    <Filter Include="Effects">
      <UniqueIdentifier>{0c05df37-71f3-415c-b6ba-81d2213b9e78}</UniqueIdentifier>
    </Filter>
    <Filter Include="Effects\Decals">
      <UniqueIdentifier>{4a07c278-c5a5-4933-ab5c-036bfc40d217}</UniqueIdentifier>
    </Filter>
    <Filter Include="Effects\Particles">
      <UniqueIdentifier>{22570dbe-afd1-4688-b698-44b0ceba6315}</UniqueIdentifier>
    </Filter>
    <Filter Include="Effects\Rain">
      <UniqueIdentifier>{83981189-f90e-4989-af92-cdeed5125116}</UniqueIdentifier>
    </Filter>
    <Filter Include="Effects\Detail Objects">
      <UniqueIdentifier>{913e2e13-bc2d-4dd6-8eb5-d4dd614a2584}</UniqueIdentifier>
    </Filter>
    <Filter Include="Terrain">
      <UniqueIdentifier>{d3b15fdc-d1dd-4928-b9f0-79f5b30d9eeb}</UniqueIdentifier>
    </Filter>
    <Filter Include="Terrain\Sector">
      <UniqueIdentifier>{0319c5be-72ea-48ac-8c58-82cfc828f015}</UniqueIdentifier>
    </Filter>
    <Filter Include="Water">
      <UniqueIdentifier>{4c634c44-ac5e-4688-93eb-9331609b850c}</UniqueIdentifier>
    </Filter>
    <Filter Include="Vegetation">
      <UniqueIdentifier>{53acb4a9-6090-4bc8-ba93-c08db90f8d22}</UniqueIdentifier>
    </Filter>
    <Filter Include="Brush">
      <UniqueIdentifier>{d9ddfbb8-311f-40e2-a326-8f1729c670e1}</UniqueIdentifier>
    </Filter>
    <Filter Include="LightMaps">
      <UniqueIdentifier>{20bf4a5a-6533-4980-8970-1925cda5acac}</UniqueIdentifier>
    </Filter>
    <Filter Include="ObjManager">
      <UniqueIdentifier>{cc775a24-c6e5-455a-9424-ef04b81673fc}</UniqueIdentifier>
    </Filter>
    <Filter Include="StencilShadows">
      <UniqueIdentifier>{ca86ddbf-ce21-4022-9062-d86bce26579a}</UniqueIdentifier>
    </Filter>
    <Filter Include="3DEngine">
      <UniqueIdentifier>{fccb5558-b718-40d1-8e4d-5ccb63a65221}</UniqueIdentifier>
    </Filter>
    <Filter Include="VisAreas">
      <UniqueIdentifier>{4d246d08-472e-4295-8eaf-890932dff55d}</UniqueIdentifier>
    </Filter>
    <Filter Include="CVars">
      <UniqueIdentifier>{bb7f9677-b4cf-45dd-b2bd-e172a7e0baa9}</UniqueIdentifier>
    </Filter>
    <Filter Include="CBuffer">
      <UniqueIdentifier>{df4ced92-880a-4a69-bc91-a1f51a78cad9}</UniqueIdentifier>
    </Filter>
    <Filter Include="Containers">
      <UniqueIdentifier>{5609e89b-1392-47b6-89a0-a42a3722cf15}</UniqueIdentifier>
    </Filter>
    <Filter Include="Interfaces">
      <UniqueIdentifier>{dbfd0534-748a-4051-8f1f-7b1d84f1b45a}</UniqueIdentifier>
    </Filter>
  </ItemGroup>
  <ItemGroup>
    <ClInclude Include="BaseObj.h">
      <Filter>CFGLoader</Filter>
    </ClInclude>
    <ClInclude Include="CryStaticModel.h">
      <Filter>CFGLoader</Filter>
    </ClInclude>
    <ClInclude Include="File.h">
      <Filter>CFGLoader</Filter>
    </ClInclude>
    <ClInclude Include="Geom.h">
      <Filter>CFGLoader</Filter>
    </ClInclude>
    <ClInclude Include="Helper.h">
      <Filter>CFGLoader</Filter>
    </ClInclude>
    <ClInclude Include="Light.h">
      <Filter>CFGLoader</Filter>
    </ClInclude>
    <ClInclude Include="Node.h">
      <Filter>CFGLoader</Filter>
    </ClInclude>
    <ClInclude Include="StatObj.h">
      <Filter>StatObj</Filter>
    </ClInclude>
    <ClInclude Include="DecalManager.h">
      <Filter>Effects\Decals</Filter>
    </ClInclude>
    <ClInclude Include="ParticleEffect.h">
      <Filter>Effects\Particles</Filter>
    </ClInclude>
    <ClInclude Include="ParticleEmitter.h">
      <Filter>Effects\Particles</Filter>
    </ClInclude>
    <ClInclude Include="partman.h">
      <Filter>Effects\Particles</Filter>
    </ClInclude>
    <ClInclude Include="rain.h">
      <Filter>Effects\Rain</Filter>
    </ClInclude>
    <ClInclude Include="detail_grass.h">
      <Filter>Effects\Detail Objects</Filter>
    </ClInclude>
    <ClInclude Include="terrain.h">
      <Filter>Terrain</Filter>
    </ClInclude>
    <ClInclude Include="terrain_sector.h">
      <Filter>Terrain\Sector</Filter>
    </ClInclude>
    <ClInclude Include="terrain_water.h">
      <Filter>Water</Filter>
    </ClInclude>
    <ClInclude Include="WaterVolumes.h">
      <Filter>Water</Filter>
    </ClInclude>
    <ClInclude Include="Vegetation.h">
      <Filter>Vegetation</Filter>
    </ClInclude>
    <ClInclude Include="Brush.h">
      <Filter>Brush</Filter>
    </ClInclude>
    <ClInclude Include="dds.h">
      <Filter>LightMaps</Filter>
    </ClInclude>
    <ClInclude Include="LMSerializationManager2.h">
      <Filter>LightMaps</Filter>
    </ClInclude>
    <ClInclude Include="ObjMan.h">
      <Filter>ObjManager</Filter>
    </ClInclude>
    <ClInclude Include="IndoorShadowVolumes.h">
      <Filter>StencilShadows</Filter>
    </ClInclude>
    <ClInclude Include="IndoorVolumes.h">
      <Filter>StencilShadows</Filter>
    </ClInclude>
    <ClInclude Include="ShadowVolumeEdge.h">
      <Filter>StencilShadows</Filter>
    </ClInclude>
    <ClInclude Include="StencilShadowConnectivity.h">
      <Filter>StencilShadows</Filter>
    </ClInclude>
    <ClInclude Include="StencilShadowConnectivityBuilder.h">
      <Filter>StencilShadows</Filter>
    </ClInclude>
    <ClInclude Include="StencilShadowEdgeDetector.h">
      <Filter>StencilShadows</Filter>
    </ClInclude>
    <ClInclude Include="3dEngine.h">
      <Filter>3DEngine</Filter>
    </ClInclude>
    <ClInclude Include="BasicArea.h">
      <Filter>VisAreas</Filter>
    </ClInclude>
    <ClInclude Include="VisAreas.h">
      <Filter>VisAreas</Filter>
    </ClInclude>
    <ClInclude Include="cvars.h">
      <Filter>CVars</Filter>
    </ClInclude>
    <ClInclude Include="cbuffer.h">
      <Filter>CBuffer</Filter>
    </ClInclude>
    <ClInclude Include="Array2d.h">
      <Filter>Containers</Filter>
    </ClInclude>
    <ClInclude Include="Cry3DEngineBase.h" />
    <ClInclude Include="StdAfx.h" />
  </ItemGroup>
  <ItemGroup>
    <ClCompile Include="CryStaticModel.cpp">
      <Filter>CFGLoader</Filter>
    </ClCompile>
    <ClCompile Include="File.cpp">
      <Filter>CFGLoader</Filter>
    </ClCompile>
    <ClCompile Include="Geom.cpp">
      <Filter>CFGLoader</Filter>
    </ClCompile>
    <ClCompile Include="Helper.cpp">
      <Filter>CFGLoader</Filter>
    </ClCompile>
    <ClCompile Include="Light.cpp">
      <Filter>CFGLoader</Filter>
    </ClCompile>
    <ClCompile Include="Meshidx.cpp">
      <Filter>CFGLoader</Filter>
    </ClCompile>
    <ClCompile Include="Node.cpp">
      <Filter>CFGLoader</Filter>
    </ClCompile>
    <ClCompile Include="StatObjCompiler.cpp">
      <Filter>StatObj</Filter>
    </ClCompile>
    <ClCompile Include="StatObjConstr.cpp">
      <Filter>StatObj</Filter>
    </ClCompile>
    <ClCompile Include="StatObjFar.cpp">
      <Filter>StatObj</Filter>
    </ClCompile>
    <ClCompile Include="StatObjLoad.cpp">
      <Filter>StatObj</Filter>
    </ClCompile>
    <ClCompile Include="StatObjPhys.cpp">
      <Filter>StatObj</Filter>
    </ClCompile>
    <ClCompile Include="StatObjRend.cpp">
      <Filter>StatObj</Filter>
    </ClCompile>
    <ClCompile Include="StatObjSerialize.cpp">
      <Filter>StatObj</Filter>
    </ClCompile>
    <ClCompile Include="StatObjShadow.cpp">
      <Filter>StatObj</Filter>
    </ClCompile>
    <ClCompile Include="StatObjShadowVolumes.cpp">
      <Filter>StatObj</Filter>
    </ClCompile>
    <ClCompile Include="StatObjStream.cpp">
      <Filter>StatObj</Filter>
    </ClCompile>
    <ClCompile Include="Decal.cpp">
      <Filter>Effects\Decals</Filter>
    </ClCompile>
    <ClCompile Include="DecalManager.cpp">
      <Filter>Effects\Decals</Filter>
    </ClCompile>
    <ClCompile Include="particle.cpp">
      <Filter>Effects\Particles</Filter>
    </ClCompile>
    <ClCompile Include="ParticleEffect.cpp">
      <Filter>Effects\Particles</Filter>
    </ClCompile>
    <ClCompile Include="ParticleEmitter.cpp">
      <Filter>Effects\Particles</Filter>
    </ClCompile>
    <ClCompile Include="partman.cpp">
      <Filter>Effects\Particles</Filter>
    </ClCompile>
    <ClCompile Include="partpolygon.cpp">
      <Filter>Effects\Particles</Filter>
    </ClCompile>
    <ClCompile Include="SpriteManager.cpp">
      <Filter>Effects\Particles</Filter>
    </ClCompile>
    <ClCompile Include="rain.cpp">
      <Filter>Effects\Rain</Filter>
    </ClCompile>
    <ClCompile Include="detail_grass.cpp">
      <Filter>Effects\Detail Objects</Filter>
    </ClCompile>
    <ClCompile Include="terrain.cpp">
      <Filter>Terrain</Filter>
    </ClCompile>
    <ClCompile Include="terrain_damage.cpp">
      <Filter>Terrain</Filter>
    </ClCompile>
    <ClCompile Include="terrain_det_tex.cpp">
      <Filter>Terrain</Filter>
    </ClCompile>
    <ClCompile Include="terrain_hmap.cpp">
      <Filter>Terrain</Filter>
    </ClCompile>
    <ClCompile Include="terrain_init.cpp">
      <Filter>Terrain</Filter>
    </ClCompile>
    <ClCompile Include="terrain_light.cpp">
      <Filter>Terrain</Filter>
    </ClCompile>
    <ClCompile Include="terrain_load.cpp">
      <Filter>Terrain</Filter>
    </ClCompile>
    <ClCompile Include="terrain_render.cpp">
      <Filter>Terrain</Filter>
    </ClCompile>
    <ClCompile Include="terrain_tex_pool.cpp">
      <Filter>Terrain</Filter>
    </ClCompile>
    <ClCompile Include="terran_edit.cpp">
      <Filter>Terrain</Filter>
    </ClCompile>
    <ClCompile Include="terrain_sector.cpp">
      <Filter>Terrain\Sector</Filter>
    </ClCompile>
    <ClCompile Include="terrain_sector_beach.cpp">
      <Filter>Terrain\Sector</Filter>
    </ClCompile>
    <ClCompile Include="terrain_sector_render.cpp">
      <Filter>Terrain\Sector</Filter>
    </ClCompile>
    <ClCompile Include="terrain_sector_tex.cpp">
      <Filter>Terrain\Sector</Filter>
    </ClCompile>
    <ClCompile Include="terrain_water_quad.cpp">
      <Filter>Water</Filter>
    </ClCompile>
    <ClCompile Include="WaterVolumes.cpp">
      <Filter>Water</Filter>
    </ClCompile>
    <ClCompile Include="Vegetation.cpp">
      <Filter>Vegetation</Filter>
    </ClCompile>
    <ClCompile Include="Brush.cpp">
      <Filter>Brush</Filter>
    </ClCompile>
    <ClCompile Include="BrushLM.cpp">
      <Filter>Brush</Filter>
    </ClCompile>
    <ClCompile Include="LMSerializationManager2.cpp">
      <Filter>LightMaps</Filter>
    </ClCompile>
    <ClCompile Include="ObjMan.cpp">
      <Filter>ObjManager</Filter>
    </ClCompile>
    <ClCompile Include="ObjManDraw.cpp">
      <Filter>ObjManager</Filter>
    </ClCompile>
    <ClCompile Include="ObjManDrawEntity.cpp">
      <Filter>ObjManager</Filter>
    </ClCompile>
    <ClCompile Include="ObjManFar.cpp">
      <Filter>ObjManager</Filter>
    </ClCompile>
    <ClCompile Include="ObjManShadows.cpp">
      <Filter>ObjManager</Filter>
    </ClCompile>
    <ClCompile Include="ObjManStreaming.cpp">
      <Filter>ObjManager</Filter>
    </ClCompile>
    <ClCompile Include="StencilShadowConnectivityBuilder.cpp">
      <Filter>StencilShadows</Filter>
    </ClCompile>
    <ClCompile Include="StencilShadowEdgeDetector.cpp">
      <Filter>StencilShadows</Filter>
    </ClCompile>
    <ClCompile Include="3dEngine.cpp">
      <Filter>3DEngine</Filter>
    </ClCompile>
    <ClCompile Include="3dEngineLight.cpp">
      <Filter>3DEngine</Filter>
    </ClCompile>
    <ClCompile Include="3dEngineLoad.cpp">
      <Filter>3DEngine</Filter>
    </ClCompile>
    <ClCompile Include="3dEngineRender.cpp">
      <Filter>3DEngine</Filter>
    </ClCompile>
    <ClCompile Include="3dEngineScreenEffects.cpp">
      <Filter>3DEngine</Filter>
    </ClCompile>
    <ClCompile Include="MatMan.cpp">
      <Filter>3DEngine</Filter>
    </ClCompile>
    <ClCompile Include="BasicArea.cpp">
      <Filter>VisAreas</Filter>
    </ClCompile>
    <ClCompile Include="VisAreaMan.cpp">
      <Filter>VisAreas</Filter>
    </ClCompile>
    <ClCompile Include="VisAreas.cpp">
      <Filter>VisAreas</Filter>
    </ClCompile>
    <ClCompile Include="cvars.cpp">
      <Filter>CVars</Filter>
    </ClCompile>
    <ClCompile Include="cbuffer.cpp">
      <Filter>CBuffer</Filter>
    </ClCompile>
    <ClCompile Include="Cry3DEngine.cpp" />
    <ClCompile Include="LightMan.cpp" />
    <ClCompile Include="StdAfx.cpp" />
  </ItemGroup>
</Project>