<?xml version="1.0" encoding="utf-8"?>
<Project ToolsVersion="4.0" xmlns="http://schemas.microsoft.com/developer/msbuild/2003">
  <ItemGroup>
    <Filter Include="Source Files">
      <UniqueIdentifier>{607af65a-427a-4e7c-be22-2725f7947fd5}</UniqueIdentifier>
      <Extensions>cpp;c;cxx;def;odl;idl;hpj;bat;asm</Extensions>
    </Filter>
    <Filter Include="Header Files">
      <UniqueIdentifier>{179da894-46ab-4df9-bd55-d12bddb4caa9}</UniqueIdentifier>
      <Extensions>h;hpp;hxx;hm;inl;inc</Extensions>
    </Filter>
    <Filter Include="Resource Files">
      <UniqueIdentifier>{1a17d632-1f6e-4350-988f-e43719bec849}</UniqueIdentifier>
      <Extensions>rc;ico;cur;bmp;dlg;rc2;rct;bin;rgs;gif;jpg;jpeg;jpe</Extensions>
    </Filter>
    <Filter Include="Interfaces">
      <UniqueIdentifier>{caf84dd7-b316-4c47-adba-5ee3a46fe4fe}</UniqueIdentifier>
    </Filter>
    <Filter Include="NvTriStrip">
      <UniqueIdentifier>{6e9099cc-5bf9-4fe7-b8cf-405719e4cd09}</UniqueIdentifier>
    </Filter>
    <Filter Include="Utils">
      <UniqueIdentifier>{8601055f-8b02-4b2b-b68d-ea7768f84586}</UniqueIdentifier>
    </Filter>
    <Filter Include="Math">
      <UniqueIdentifier>{496ec3c9-7e00-4244-bd7d-0401b4e6682e}</UniqueIdentifier>
    </Filter>
  </ItemGroup>
  <ItemGroup>
    <ClCompile Include="CfgFile.cpp">
      <Filter>Source Files</Filter>
    </ClCompile>
    <ClCompile Include="ChunkFileReader.cpp">
      <Filter>Source Files</Filter>
    </ClCompile>
    <ClCompile Include="CmdLine.cpp">
      <Filter>Source Files</Filter>
    </ClCompile>
    <ClCompile Include="Config.cpp">
      <Filter>Source Files</Filter>
    </ClCompile>
    <ClCompile Include="ExtensionManager.cpp">
      <Filter>Source Files</Filter>
    </ClCompile>
    <ClCompile Include="FileMapping.cpp">
      <Filter>Source Files</Filter>
    </ClCompile>
    <ClCompile Include="FileUtil.cpp">
      <Filter>Source Files</Filter>
    </ClCompile>
    <ClCompile Include="ResourceCompiler.cpp">
      <Filter>Source Files</Filter>
    </ClCompile>
    <ClCompile Include="stdafx.cpp">
      <Filter>Source Files</Filter>
    </ClCompile>
    <ClCompile Include="NvTriStrip\NvTriStrip.cpp">
      <Filter>NvTriStrip</Filter>
    </ClCompile>
    <ClCompile Include="NvTriStrip\NvTriStripObjects.cpp">
      <Filter>NvTriStrip</Filter>
    </ClCompile>
    <ClCompile Include="NvTriStrip\RenderPCH.cpp">
      <Filter>NvTriStrip</Filter>
    </ClCompile>
    <ClCompile Include="CgfUtils.cpp">
      <Filter>Utils</Filter>
    </ClCompile>
    <ClCompile Include="CryBoneDesc.cpp">
      <Filter>Utils</Filter>
    </ClCompile>
    <ClCompile Include="CryBoneHierarchyLoader.cpp">
      <Filter>Utils</Filter>
    </ClCompile>
    <ClCompile Include="CryChunkedFile.cpp">
      <Filter>Utils</Filter>
    </ClCompile>
    <ClCompile Include="CryVertexBinding.cpp">
      <Filter>Utils</Filter>
    </ClCompile>
  </ItemGroup>
  <ItemGroup>
    <ClInclude Include="CfgFile.h">
      <Filter>Source Files</Filter>
    </ClInclude>
    <ClInclude Include="ChunkFileReader.h">
      <Filter>Source Files</Filter>
    </ClInclude>
    <ClInclude Include="CmdLine.h">
      <Filter>Source Files</Filter>
    </ClInclude>
    <ClInclude Include="Config.h">
      <Filter>Source Files</Filter>
    </ClInclude>
    <ClInclude Include="ConvertContext.h">
      <Filter>Source Files</Filter>
    </ClInclude>
    <ClInclude Include="ExtensionManager.h">
      <Filter>Source Files</Filter>
    </ClInclude>
    <ClInclude Include="FileMapping.h">
      <Filter>Source Files</Filter>
    </ClInclude>
    <ClInclude Include="FileUtil.h">
      <Filter>Source Files</Filter>
    </ClInclude>
    <ClInclude Include="PathUtil.h">
      <Filter>Source Files</Filter>
    </ClInclude>
    <ClInclude Include="ResComDefs.h">
      <Filter>Source Files</Filter>
    </ClInclude>
    <ClInclude Include="ResourceCompiler.h">
      <Filter>Source Files</Filter>
    </ClInclude>
    <ClInclude Include="DebugLog.h">
      <Filter>Header Files</Filter>
    </ClInclude>
    <ClInclude Include="PortableString.h">
      <Filter>Header Files</Filter>
    </ClInclude>
    <ClInclude Include="stdafx.h">
      <Filter>Header Files</Filter>
    </ClInclude>
    <ClInclude Include="ICfgFile.h">
      <Filter>Interfaces</Filter>
    </ClInclude>
    <ClInclude Include="IConfig.h">
      <Filter>Interfaces</Filter>
    </ClInclude>
    <ClInclude Include="IConvertor.h">
      <Filter>Interfaces</Filter>
    </ClInclude>
    <ClInclude Include="IRCLog.h">
      <Filter>Interfaces</Filter>
    </ClInclude>
    <ClInclude Include="IResCompiler.h">
      <Filter>Interfaces</Filter>
    </ClInclude>
    <ClInclude Include="NvTriStrip\NvTriStrip.h">
      <Filter>NvTriStrip</Filter>
    </ClInclude>
    <ClInclude Include="NvTriStrip\NvTriStripObjects.h">
      <Filter>NvTriStrip</Filter>
    </ClInclude>
    <ClInclude Include="NvTriStrip\RenderPCH.h">
      <Filter>NvTriStrip</Filter>
    </ClInclude>
    <ClInclude Include="NvTriStrip\VertexCache.h">
      <Filter>NvTriStrip</Filter>
    </ClInclude>
    <ClInclude Include="CgfUtils.h">
      <Filter>Utils</Filter>
    </ClInclude>
    <ClInclude Include="CryBoneDesc.h">
      <Filter>Utils</Filter>
    </ClInclude>
    <ClInclude Include="CryBoneHierarchyLoader.h">
      <Filter>Utils</Filter>
    </ClInclude>
    <ClInclude Include="CryChunkedFile.h">
      <Filter>Utils</Filter>
    </ClInclude>
    <ClInclude Include="CryVertexBinding.h">
      <Filter>Utils</Filter>
    </ClInclude>
  </ItemGroup>
</Project>